
Microsoft Visual Studio Solution File, Format Version 12.00
# Visual Studio Version 17
VisualStudioVersion = 17.5.002.0
MinimumVisualStudioVersion = 10.0.40219.1
Project("{9A19103F-16F7-4668-BE54-9A1E7A4F7556}") = "NewsMix.Tests", "NewsMix.Tests\NewsMix.Tests.csproj", "{F91980C0-6B69-4DCF-8284-48BCA09615B6}"
EndProject
Project("{9A19103F-16F7-4668-BE54-9A1E7A4F7556}") = "NewsMix.ConsoleRunner", "NewsMix.ConsoleRunner\NewsMix.ConsoleRunner.csproj", "{BC33910F-E37B-4D7B-B430-51D8BE60BCCE}"
EndProject
Project("{9A19103F-16F7-4668-BE54-9A1E7A4F7556}") = "NewsMix", "NewsMix\NewsMix.csproj", "{3B7121BB-8A1F-4C8E-9B8D-661587F8B6D6}"
EndProject
Global
	GlobalSection(SolutionConfigurationPlatforms) = preSolution
		Debug|Any CPU = Debug|Any CPU
		Release|Any CPU = Release|Any CPU
	EndGlobalSection
	GlobalSection(ProjectConfigurationPlatforms) = postSolution
		{F91980C0-6B69-4DCF-8284-48BCA09615B6}.Debug|Any CPU.ActiveCfg = Debug|Any CPU
		{F91980C0-6B69-4DCF-8284-48BCA09615B6}.Debug|Any CPU.Build.0 = Debug|Any CPU
		{F91980C0-6B69-4DCF-8284-48BCA09615B6}.Release|Any CPU.ActiveCfg = Release|Any CPU
		{F91980C0-6B69-4DCF-8284-48BCA09615B6}.Release|Any CPU.Build.0 = Release|Any CPU
		{BC33910F-E37B-4D7B-B430-51D8BE60BCCE}.Debug|Any CPU.ActiveCfg = Debug|Any CPU
		{BC33910F-E37B-4D7B-B430-51D8BE60BCCE}.Debug|Any CPU.Build.0 = Debug|Any CPU
		{BC33910F-E37B-4D7B-B430-51D8BE60BCCE}.Release|Any CPU.ActiveCfg = Release|Any CPU
		{BC33910F-E37B-4D7B-B430-51D8BE60BCCE}.Release|Any CPU.Build.0 = Release|Any CPU
		{3B7121BB-8A1F-4C8E-9B8D-661587F8B6D6}.Debug|Any CPU.ActiveCfg = Debug|Any CPU
		{3B7121BB-8A1F-4C8E-9B8D-661587F8B6D6}.Debug|Any CPU.Build.0 = Debug|Any CPU
		{3B7121BB-8A1F-4C8E-9B8D-661587F8B6D6}.Release|Any CPU.ActiveCfg = Release|Any CPU
		{3B7121BB-8A1F-4C8E-9B8D-661587F8B6D6}.Release|Any CPU.Build.0 = Release|Any CPU
	EndGlobalSection
	GlobalSection(SolutionProperties) = preSolution
		HideSolutionNode = FALSE
	EndGlobalSection
	GlobalSection(ExtensibilityGlobals) = postSolution
		SolutionGuid = {40E0F93C-0DAC-474A-ABE9-B694B9349EDD}
	EndGlobalSection
EndGlobal
